github.com/infinity6-ai/gox/commonz v0.0.0-20260831163349-0b95f8fe5474 h1:EZs13lpDONTLtDduFIC8GUmLUUf9/8PoaBhr+rf1Xpk=
github.com/infinity6-ai/gox/commonz v0.0.0-20260831163349-0b95f8fe5474/go.mod h1:9qegDl8iMcukhNHRadpKdViNObGOP23iUOgsz5rs99s=
golang.org/x/exp v0.0.0-20260824195058-e88cd73687aa h1:QSyA8ishJCyT21kER9KwNt0b7BM3iRK4x9QXhjN5Fdk=
golang.org/x/exp v0.0.0-20260824195058-e88cd73687aa/go.mod h1:zeBbvyFKDaLwa7CH/zI8KXt7gTl14SF7sO08Pl5jBCM=
