github.com/infinity6-ai/gox/commonz v0.0.0-20260904150931-a9764193e595 h1:bOZbhKDbqfHN37e3m9Tm+ELh9grjWAP7GzqrdaJ7Wqw=
github.com/infinity6-ai/gox/commonz v0.0.0-20260904150931-a9764193e595/go.mod h1:HGkl9WfDSBMzEf90X/xVxmpvBl45pMh3L1vq4qJTEuU=
github.com/infinity6-ai/gox/httpz v0.0.0-20260905114104-037c39b2d1b4 h1:ybB3u+Cuzh7/zYkgu+bEGcweynCo3pVrJx7r/t1jRKw=
github.com/infinity6-ai/gox/httpz v0.0.0-20260905114104-037c39b2d1b4/go.mod h1:liLgEG8DktyHMFmnlzCfljCZD3/VJo3s/l1vI6iUg5Q=
github.com/infinity6-ai/gox/schemaz v0.0.0-20260904125743-50ffbf9dd11a h1:i0xeHNMpRhrmSy52Oh3880eTNud1fUy3QrCxjJN6wj0=
github.com/infinity6-ai/gox/schemaz v0.0.0-20260904125743-50ffbf9dd11a/go.mod h1:9DIkGuM+D81t/2x86wAWNzoTASXleVdOomSSI06I5Uo=
github.com/stretchr/testify v1.12.1 h1:EuwCh5fleGS7H32xRwO3wRGT7DxrDhLAT6FF8MpWDWE=
github.com/stretchr/testify v1.12.1/go.mod h1:MDEgiDPPsNp5cuIrHPPCyornHKgEVbtFUmoNlxoYthg=
go.yaml.in/yaml/v3 v3.0.5 h1:N6y/pJk8buWs9NY5ERU2HSMfm+IuD/OtfdAnq6kESPw=
go.yaml.in/yaml/v3 v3.0.5/go.mod h1:HVTZu1O7/Vkt2N+BFy8Zza+lnLsABggaTM2ZpNIGuKg=
golang.org/x/exp v0.0.0-20260824195058-e88cd73687aa h1:QSyA8ishJCyT21kER9KwNt0b7BM3iRK4x9QXhjN5Fdk=
golang.org/x/exp v0.0.0-20260824195058-e88cd73687aa/go.mod h1:zeBbvyFKDaLwa7CH/zI8KXt7gTl14SF7sO08Pl5jBCM=
golang.org/x/sys v0.47.0 h1:o7XGOvZQCADBQQ4Y7VNq2dRWQR7JmOUW8Kxx4ZsNgWs=
golang.org/x/sys v0.47.0/go.mod h1:4GL1E5IUh+htKOUEOaiffhrAeqysfVGipDYzABqnCmw=
golang.org/x/term v0.45.0 h1:NwWyBmoJCbfTHpxrWoZ9C6/VxOf7ic219I8xZZFdrf0=
golang.org/x/term v0.45.0/go.mod h1:9aqxs0blBcrm/n0L9QW0aRVD+ktan8ssZromtqJC43w=
