github.com/infinity6-ai/gox/bla v0.0.0-20260904124639-f4c78ac4783f h1:c/02DWq97Afndh0MKYg2v+l8MFRQFULan5QAlSj4ccM=
github.com/infinity6-ai/gox/bla v0.0.0-20260904124639-f4c78ac4783f/go.mod h1:2Itzb5P2IOyeknJF6cVmCNuwRJT6lPYc/K9PfI/S/vU=
github.com/infinity6-ai/gox/commonz v0.0.0-20260904121015-ffd2a6ec1b96 h1:Oe96i5u4H9Ik9p95InMViOICXbtH4uMUAT8BKB32K+A=
github.com/infinity6-ai/gox/commonz v0.0.0-20260904121015-ffd2a6ec1b96/go.mod h1:WHBkErhMYuZUbuENRlOyNuzL9MYG2kYSybMNXuaEyCk=
